
Microsoft Visual Studio Solution File, Format Version 12.00
# Visual Studio Version 17
VisualStudioVersion = 17.14.36518.9 d17.14
MinimumVisualStudioVersion = 10.0.40219.1
Project("{FAE04EC0-301F-11D3-BF4B-00C04F79EFBC}") = "UrlShorterer", "UrlShorterer.csproj", "{163652B4-F127-4AA2-8B66-17DEDFC3391B}"
EndProject
Global
	GlobalSection(SolutionConfigurationPlatforms) = preSolution
		Debug|Any CPU = Debug|Any CPU
		Release|Any CPU = Release|Any CPU
	EndGlobalSection
	GlobalSection(ProjectConfigurationPlatforms) = postSolution
		{163652B4-F127-4AA2-8B66-17DEDFC3391B}.Debug|Any CPU.ActiveCfg = Debug|Any CPU
		{163652B4-F127-4AA2-8B66-17DEDFC3391B}.Debug|Any CPU.Build.0 = Debug|Any CPU
		{163652B4-F127-4AA2-8B66-17DEDFC3391B}.Release|Any CPU.ActiveCfg = Release|Any CPU
		{163652B4-F127-4AA2-8B66-17DEDFC3391B}.Release|Any CPU.Build.0 = Release|Any CPU
	EndGlobalSection
	GlobalSection(SolutionProperties) = preSolution
		HideSolutionNode = FALSE
	EndGlobalSection
	GlobalSection(ExtensibilityGlobals) = postSolution
		SolutionGuid = {A8759D0C-E2D3-4D26-9FDB-E216EB4E909F}
	EndGlobalSection
EndGlobal
